
Microsoft Visual Studio Solution File, Format Version 12.00
# Visual Studio Version 17
VisualStudioVersion = 17.10.34928.147
MinimumVisualStudioVersion = 10.0.40219.1
Project("{9A19103F-16F7-4668-BE54-9A1E7A4F7556}") = "TextSplit", "TextSplit\TextSplit.csproj", "{B4B0B4EF-F1BC-4C90-B008-CF9877613240}"
EndProject
Project("{9A19103F-16F7-4668-BE54-9A1E7A4F7556}") = "CharFraquencyAnalysis", "CharFraquencyAnalysis\CharFraquencyAnalysis.csproj", "{62E50853-5DCC-4FDF-9550-018621116A3F}"
EndProject
Project("{9A19103F-16F7-4668-BE54-9A1E7A4F7556}") = "PalindromeNumber", "PalindromeNumber\PalindromeNumber.csproj", "{E76B605B-DE11-4E2E-9567-300CEA98F874}"
EndProject
Project("{9A19103F-16F7-4668-BE54-9A1E7A4F7556}") = "TwoSum", "TwoSum\TwoSum.csproj", "{622E82DC-BB00-4BC4-B216-C0B452486C00}"
EndProject
Project("{9A19103F-16F7-4668-BE54-9A1E7A4F7556}") = "PalindromicSubString", "PalindromicSubString\PalindromicSubString.csproj", "{900D95BA-0C70-49CB-894B-3587EC552645}"
EndProject
Project("{9A19103F-16F7-4668-BE54-9A1E7A4F7556}") = "FibonacciSeries", "FibonacciSeries\FibonacciSeries.csproj", "{57B0F557-99A5-4C50-84C4-885D3C28E3A8}"
EndProject
Project("{FAE04EC0-301F-11D3-BF4B-00C04F79EFBC}") = "FactorialValue", "FactorialValue\FactorialValue.csproj", "{53A3BF5A-B069-4934-8311-E19C1F3B4400}"
EndProject
Global
	GlobalSection(SolutionConfigurationPlatforms) = preSolution
		Debug|Any CPU = Debug|Any CPU
		Release|Any CPU = Release|Any CPU
	EndGlobalSection
	GlobalSection(ProjectConfigurationPlatforms) = postSolution
		{B4B0B4EF-F1BC-4C90-B008-CF9877613240}.Debug|Any CPU.ActiveCfg = Debug|Any CPU
		{B4B0B4EF-F1BC-4C90-B008-CF9877613240}.Debug|Any CPU.Build.0 = Debug|Any CPU
		{B4B0B4EF-F1BC-4C90-B008-CF9877613240}.Release|Any CPU.ActiveCfg = Release|Any CPU
		{B4B0B4EF-F1BC-4C90-B008-CF9877613240}.Release|Any CPU.Build.0 = Release|Any CPU
		{62E50853-5DCC-4FDF-9550-018621116A3F}.Debug|Any CPU.ActiveCfg = Debug|Any CPU
		{62E50853-5DCC-4FDF-9550-018621116A3F}.Debug|Any CPU.Build.0 = Debug|Any CPU
		{62E50853-5DCC-4FDF-9550-018621116A3F}.Release|Any CPU.ActiveCfg = Release|Any CPU
		{62E50853-5DCC-4FDF-9550-018621116A3F}.Release|Any CPU.Build.0 = Release|Any CPU
		{E76B605B-DE11-4E2E-9567-300CEA98F874}.Debug|Any CPU.ActiveCfg = Debug|Any CPU
		{E76B605B-DE11-4E2E-9567-300CEA98F874}.Debug|Any CPU.Build.0 = Debug|Any CPU
		{E76B605B-DE11-4E2E-9567-300CEA98F874}.Release|Any CPU.ActiveCfg = Release|Any CPU
		{E76B605B-DE11-4E2E-9567-300CEA98F874}.Release|Any CPU.Build.0 = Release|Any CPU
		{622E82DC-BB00-4BC4-B216-C0B452486C00}.Debug|Any CPU.ActiveCfg = Debug|Any CPU
		{622E82DC-BB00-4BC4-B216-C0B452486C00}.Debug|Any CPU.Build.0 = Debug|Any CPU
		{622E82DC-BB00-4BC4-B216-C0B452486C00}.Release|Any CPU.ActiveCfg = Release|Any CPU
		{622E82DC-BB00-4BC4-B216-C0B452486C00}.Release|Any CPU.Build.0 = Release|Any CPU
		{900D95BA-0C70-49CB-894B-3587EC552645}.Debug|Any CPU.ActiveCfg = Debug|Any CPU
		{900D95BA-0C70-49CB-894B-3587EC552645}.Debug|Any CPU.Build.0 = Debug|Any CPU
		{900D95BA-0C70-49CB-894B-3587EC552645}.Release|Any CPU.ActiveCfg = Release|Any CPU
		{900D95BA-0C70-49CB-894B-3587EC552645}.Release|Any CPU.Build.0 = Release|Any CPU
		{57B0F557-99A5-4C50-84C4-885D3C28E3A8}.Debug|Any CPU.ActiveCfg = Debug|Any CPU
		{57B0F557-99A5-4C50-84C4-885D3C28E3A8}.Debug|Any CPU.Build.0 = Debug|Any CPU
		{57B0F557-99A5-4C50-84C4-885D3C28E3A8}.Release|Any CPU.ActiveCfg = Release|Any CPU
		{57B0F557-99A5-4C50-84C4-885D3C28E3A8}.Release|Any CPU.Build.0 = Release|Any CPU
		{53A3BF5A-B069-4934-8311-E19C1F3B4400}.Debug|Any CPU.ActiveCfg = Debug|Any CPU
		{53A3BF5A-B069-4934-8311-E19C1F3B4400}.Debug|Any CPU.Build.0 = Debug|Any CPU
		{53A3BF5A-B069-4934-8311-E19C1F3B4400}.Release|Any CPU.ActiveCfg = Release|Any CPU
		{53A3BF5A-B069-4934-8311-E19C1F3B4400}.Release|Any CPU.Build.0 = Release|Any CPU
	EndGlobalSection
	GlobalSection(SolutionProperties) = preSolution
		HideSolutionNode = FALSE
	EndGlobalSection
	GlobalSection(ExtensibilityGlobals) = postSolution
		SolutionGuid = {254C960D-B01B-4FB3-8251-B993493DFF10}
	EndGlobalSection
EndGlobal
