
Microsoft Visual Studio Solution File, Format Version 12.00
# Visual Studio Version 17
VisualStudioVersion = 17.10.34928.147
MinimumVisualStudioVersion = 10.0.40219.1
Project("{FAE04EC0-301F-11D3-BF4B-00C04F79EFBC}") = "Apps", "Apps\Apps.csproj", "{8EB4205B-E5AA-40C1-B7F3-037835D36F56}"
EndProject
Project("{FAE04EC0-301F-11D3-BF4B-00C04F79EFBC}") = "DataStructures", "DataStructures\DataStructures.csproj", "{0B9F583E-2F63-4155-A005-9335CADF3DF1}"
EndProject
Global
	GlobalSection(SolutionConfigurationPlatforms) = preSolution
		Debug|Any CPU = Debug|Any CPU
		Release|Any CPU = Release|Any CPU
	EndGlobalSection
	GlobalSection(ProjectConfigurationPlatforms) = postSolution
		{8EB4205B-E5AA-40C1-B7F3-037835D36F56}.Debug|Any CPU.ActiveCfg = Debug|Any CPU
		{8EB4205B-E5AA-40C1-B7F3-037835D36F56}.Debug|Any CPU.Build.0 = Debug|Any CPU
		{8EB4205B-E5AA-40C1-B7F3-037835D36F56}.Release|Any CPU.ActiveCfg = Release|Any CPU
		{8EB4205B-E5AA-40C1-B7F3-037835D36F56}.Release|Any CPU.Build.0 = Release|Any CPU
		{0B9F583E-2F63-4155-A005-9335CADF3DF1}.Debug|Any CPU.ActiveCfg = Debug|Any CPU
		{0B9F583E-2F63-4155-A005-9335CADF3DF1}.Debug|Any CPU.Build.0 = Debug|Any CPU
		{0B9F583E-2F63-4155-A005-9335CADF3DF1}.Release|Any CPU.ActiveCfg = Release|Any CPU
		{0B9F583E-2F63-4155-A005-9335CADF3DF1}.Release|Any CPU.Build.0 = Release|Any CPU
	EndGlobalSection
	GlobalSection(SolutionProperties) = preSolution
		HideSolutionNode = FALSE
	EndGlobalSection
	GlobalSection(ExtensibilityGlobals) = postSolution
		SolutionGuid = {6B6E85BC-C7E2-43EC-A300-8FFC7968A091}
	EndGlobalSection
EndGlobal
